Microsoft Visual Studio Solution File, Format Version 12.00
# Visual Studio Version 17
VisualStudioVersion = 17.0.31611.283
MinimumVisualStudioVersion = 10.0.40219.1
Project("{9A19103F-16F7-4668-BE54-9A1E7A4F7556}") = "WatchVideo", "WatchVideo\WatchVideo.csproj", "{E99AA8AE-E54C-4E24-BD7B-A634CD6A981B}"
EndProject
Project("{9A19103F-16F7-4668-BE54-9A1E7A4F7556}") = "WatchVideo.Test", "WatchVideo.Test\WatchVideo.Test.csproj", "{CBAB3054-73C0-4331-96AD-A69C78706F39}"
EndProject
Global
	GlobalSection(SolutionConfigurationPlatforms) = preSolution
		Debug|Any CPU = Debug|Any CPU
		Release|Any CPU = Release|Any CPU
	EndGlobalSection
	GlobalSection(ProjectConfigurationPlatforms) = postSolution
		{E99AA8AE-E54C-4E24-BD7B-A634CD6A981B}.Debug|Any CPU.ActiveCfg = Debug|Any CPU
		{E99AA8AE-E54C-4E24-BD7B-A634CD6A981B}.Debug|Any CPU.Build.0 = Debug|Any CPU
		{E99AA8AE-E54C-4E24-BD7B-A634CD6A981B}.Debug|Any CPU.Deploy.0 = Debug|Any CPU
		{E99AA8AE-E54C-4E24-BD7B-A634CD6A981B}.Release|Any CPU.ActiveCfg = Release|Any CPU
		{E99AA8AE-E54C-4E24-BD7B-A634CD6A981B}.Release|Any CPU.Build.0 = Release|Any CPU
		{E99AA8AE-E54C-4E24-BD7B-A634CD6A981B}.Release|Any CPU.Deploy.0 = Release|Any CPU
		{CBAB3054-73C0-4331-96AD-A69C78706F39}.Debug|Any CPU.ActiveCfg = Debug|Any CPU
		{CBAB3054-73C0-4331-96AD-A69C78706F39}.Debug|Any CPU.Build.0 = Debug|Any CPU
		{CBAB3054-73C0-4331-96AD-A69C78706F39}.Release|Any CPU.ActiveCfg = Release|Any CPU
		{CBAB3054-73C0-4331-96AD-A69C78706F39}.Release|Any CPU.Build.0 = Release|Any CPU
	EndGlobalSection
	GlobalSection(SolutionProperties) = preSolution
		HideSolutionNode = FALSE
	EndGlobalSection
	GlobalSection(ExtensibilityGlobals) = postSolution
		SolutionGuid = {61F7FB11-1E47-470C-91E2-47F8143E1572}
	EndGlobalSection
EndGlobal
